
Microsoft Visual Studio Solution File, Format Version 12.00
# Visual Studio 14
VisualStudioVersion = 14.0.25420.1
MinimumVisualStudioVersion = 10.0.40219.1
Project("{FAE04EC0-301F-11D3-BF4B-00C04F79EFBC}") = "Hrl.RtlXaf", "Hrl.RtlXaf\Hrl.RtlXaf.csproj", "{9F5DDA99-77A6-4939-9CE5-5073B5FDDAFA}"
EndProject
Global
	GlobalSection(SolutionConfigurationPlatforms) = preSolution
		Debug|Any CPU = Debug|Any CPU
		Release|Any CPU = Release|Any CPU
	EndGlobalSection
	GlobalSection(ProjectConfigurationPlatforms) = postSolution
		{9F5DDA99-77A6-4939-9CE5-5073B5FDDAFA}.Debug|Any CPU.ActiveCfg = Debug|Any CPU
		{9F5DDA99-77A6-4939-9CE5-5073B5FDDAFA}.Debug|Any CPU.Build.0 = Debug|Any CPU
		{9F5DDA99-77A6-4939-9CE5-5073B5FDDAFA}.Release|Any CPU.ActiveCfg = Release|Any CPU
		{9F5DDA99-77A6-4939-9CE5-5073B5FDDAFA}.Release|Any CPU.Build.0 = Release|Any CPU
	EndGlobalSection
	GlobalSection(SolutionProperties) = preSolution
		HideSolutionNode = FALSE
	EndGlobalSection
EndGlobal
